
Microsoft Visual Studio Solution File, Format Version 12.00
# Visual Studio Version 17
VisualStudioVersion = 17.0.32002.185
MinimumVisualStudioVersion = 10.0.40219.1
Project("{FAE04EC0-301F-11D3-BF4B-00C04F79EFBC}") = "DomoHome.Api", "DomoHome.Api.csproj", "{C28818AE-0C3F-4ECF-BCB2-E2780E906E48}"
EndProject
Global
	GlobalSection(SolutionConfigurationPlatforms) = preSolution
		Debug|Any CPU = Debug|Any CPU
		Release|Any CPU = Release|Any CPU
	EndGlobalSection
	GlobalSection(ProjectConfigurationPlatforms) = postSolution
		{C28818AE-0C3F-4ECF-BCB2-E2780E906E48}.Debug|Any CPU.ActiveCfg = Debug|Any CPU
		{C28818AE-0C3F-4ECF-BCB2-E2780E906E48}.Debug|Any CPU.Build.0 = Debug|Any CPU
		{C28818AE-0C3F-4ECF-BCB2-E2780E906E48}.Release|Any CPU.ActiveCfg = Release|Any CPU
		{C28818AE-0C3F-4ECF-BCB2-E2780E906E48}.Release|Any CPU.Build.0 = Release|Any CPU
	EndGlobalSection
	GlobalSection(SolutionProperties) = preSolution
		HideSolutionNode = FALSE
	EndGlobalSection
	GlobalSection(ExtensibilityGlobals) = postSolution
		SolutionGuid = {5FA45D22-62F9-4A09-970F-402C314272FF}
	EndGlobalSection
EndGlobal
